
Microsoft Visual Studio Solution File, Format Version 12.00
# Visual Studio Version 17
VisualStudioVersion = 17.11.35312.102
MinimumVisualStudioVersion = 10.0.40219.1
Project("{FAE04EC0-301F-11D3-BF4B-00C04F79EFBC}") = "lab06", "lab06\lab06.csproj", "{EB0E4892-FEB0-424A-AD27-A019CE21DA30}"
EndProject
Global
	GlobalSection(SolutionConfigurationPlatforms) = preSolution
		Debug|Any CPU = Debug|Any CPU
		Release|Any CPU = Release|Any CPU
	EndGlobalSection
	GlobalSection(ProjectConfigurationPlatforms) = postSolution
		{EB0E4892-FEB0-424A-AD27-A019CE21DA30}.Debug|Any CPU.ActiveCfg = Debug|Any CPU
		{EB0E4892-FEB0-424A-AD27-A019CE21DA30}.Debug|Any CPU.Build.0 = Debug|Any CPU
		{EB0E4892-FEB0-424A-AD27-A019CE21DA30}.Release|Any CPU.ActiveCfg = Release|Any CPU
		{EB0E4892-FEB0-424A-AD27-A019CE21DA30}.Release|Any CPU.Build.0 = Release|Any CPU
	EndGlobalSection
	GlobalSection(SolutionProperties) = preSolution
		HideSolutionNode = FALSE
	EndGlobalSection
	GlobalSection(ExtensibilityGlobals) = postSolution
		SolutionGuid = {D5EF4608-B14A-44CD-8366-21A54AC81AD6}
	EndGlobalSection
EndGlobal
